github.com/eyedeekay/i2pkeys v0.33.7 h1:cxqHSkl6b2lHyPJUtIQZBiipYf7NQVYqM1d3ub0MI4k=
github.com/eyedeekay/i2pkeys v0.33.7/go.mod h1:W9KCm9lqZ+Ozwl3dwcgnpPXAML97+I8Jiht7o5A8YBM=
github.com/ivobilic/waSAM v0.0.0-20240114153153-ec71ba8adf99 h1:4QQPBWLfLAeP/jZjUNBZY2B+hAfRbmSFeE1PQYflTvk=
github.com/ivobilic/waSAM v0.0.0-20240114153153-ec71ba8adf99/go.mod h1:25cRGEFawSkbiPNSh7vTUIpRtEYLVLg/4J4He6LndAY=

